
Microsoft Visual Studio Solution File, Format Version 12.00
# Visual Studio 15
VisualStudioVersion = 15.0.27130.2010
MinimumVisualStudioVersion = 10.0.40219.1
Project("{FAE04EC0-301F-11D3-BF4B-00C04F79EFBC}") = "InitialsFromName", "InitialsFromName\InitialsFromName.csproj", "{A7AB447A-68A2-41C8-A4F9-4B3361374422}"
EndProject
Global
	GlobalSection(SolutionConfigurationPlatforms) = preSolution
		Debug|Any CPU = Debug|Any CPU
		Release|Any CPU = Release|Any CPU
	EndGlobalSection
	GlobalSection(ProjectConfigurationPlatforms) = postSolution
		{A7AB447A-68A2-41C8-A4F9-4B3361374422}.Debug|Any CPU.ActiveCfg = Debug|Any CPU
		{A7AB447A-68A2-41C8-A4F9-4B3361374422}.Debug|Any CPU.Build.0 = Debug|Any CPU
		{A7AB447A-68A2-41C8-A4F9-4B3361374422}.Release|Any CPU.ActiveCfg = Release|Any CPU
		{A7AB447A-68A2-41C8-A4F9-4B3361374422}.Release|Any CPU.Build.0 = Release|Any CPU
	EndGlobalSection
	GlobalSection(SolutionProperties) = preSolution
		HideSolutionNode = FALSE
	EndGlobalSection
	GlobalSection(ExtensibilityGlobals) = postSolution
		SolutionGuid = {FA6BC05B-1CA9-4C9B-B632-F42BDF986596}
	EndGlobalSection
EndGlobal
