
Microsoft Visual Studio Solution File, Format Version 12.00
# Visual Studio 15
VisualStudioVersion = 15.0.28307.168
MinimumVisualStudioVersion = 10.0.40219.1
Project("{FAE04EC0-301F-11D3-BF4B-00C04F79EFBC}") = "pizzaArray", "pizzaArray\pizzaArray.csproj", "{912005C6-74A1-48F0-B0B5-8B96A40C64E2}"
EndProject
Global
	GlobalSection(SolutionConfigurationPlatforms) = preSolution
		Debug|Any CPU = Debug|Any CPU
		Release|Any CPU = Release|Any CPU
	EndGlobalSection
	GlobalSection(ProjectConfigurationPlatforms) = postSolution
		{912005C6-74A1-48F0-B0B5-8B96A40C64E2}.Debug|Any CPU.ActiveCfg = Debug|Any CPU
		{912005C6-74A1-48F0-B0B5-8B96A40C64E2}.Debug|Any CPU.Build.0 = Debug|Any CPU
		{912005C6-74A1-48F0-B0B5-8B96A40C64E2}.Release|Any CPU.ActiveCfg = Release|Any CPU
		{912005C6-74A1-48F0-B0B5-8B96A40C64E2}.Release|Any CPU.Build.0 = Release|Any CPU
	EndGlobalSection
	GlobalSection(SolutionProperties) = preSolution
		HideSolutionNode = FALSE
	EndGlobalSection
	GlobalSection(ExtensibilityGlobals) = postSolution
		SolutionGuid = {5A72C02C-290D-43A7-A208-FF0A755F65A7}
	EndGlobalSection
EndGlobal
